{
  "version": "2",
  "remote": {
    "https://cdn.skypack.dev/-/highlight.js@v11.6.0-4W1e4sNTmpsDP0C1l7xy/dist=es2019,mode=imports/optimized/common/core-6fff0e6f.js": "19f0aebe2ae7ed8c14a06278d72149a4869bb9f3e70b4f027890847a18870e73",
    "https://cdn.skypack.dev/-/highlight.js@v11.6.0-4W1e4sNTmpsDP0C1l7xy/dist=es2019,mode=imports/optimized/common/wasm-225926ab.js": "382aafa96667599876ab1db1cd6bb3e22f1f9e116b3bd7a01eacb50b95647f90",
    "https://cdn.skypack.dev/-/highlight.js@v11.6.0-4W1e4sNTmpsDP0C1l7xy/dist=es2019,mode=imports/optimized/highlightjs.js": "5d347306de79bdcec320966f1e40b4e114d6411cd0d71cad55a0026bebfef00c",
    "https://cdn.skypack.dev/highlight.js": "4fa5b5713876497f4a1ca59020e30d4db240137a574a273eafdae83ebdc1c735",
    "https://deno.land/std@0.159.0/_util/assert.ts": "e94f2eb37cebd7f199952e242c77654e43333c1ac4c5c700e929ea3aa5489f74",
    "https://deno.land/std@0.159.0/_util/os.ts": "8a33345f74990e627b9dfe2de9b040004b08ea5146c7c9e8fe9a29070d193934",
    "https://deno.land/std@0.159.0/async/abortable.ts": "87aa7230be8360c24ad437212311c9e8d4328854baec27b4c7abb26e85515c06",
    "https://deno.land/std@0.159.0/async/deadline.ts": "48ac998d7564969f3e6ec6b6f9bf0217ebd00239b1b2292feba61272d5dd58d0",
    "https://deno.land/std@0.159.0/async/debounce.ts": "de5433bff08a2bb61416fc53b3bd2d5867090c8a815465e5b4a10a77495b1051",
    "https://deno.land/std@0.159.0/async/deferred.ts": "c01de44b9192359cebd3fe93273fcebf9e95110bf3360023917da9a2d1489fae",
    "https://deno.land/std@0.159.0/async/delay.ts": "0419dfc993752849692d1f9647edf13407c7facc3509b099381be99ffbc9d699",
    "https://deno.land/std@0.159.0/async/mod.ts": "dd0a8ed4f3984ffabe2fcca7c9f466b7932d57b1864ffee148a5d5388316db6b",
    "https://deno.land/std@0.159.0/async/mux_async_iterator.ts": "3447b28a2a582224a3d4d3596bccbba6e85040da3b97ed64012f7decce98d093",
    "https://deno.land/std@0.159.0/async/pool.ts": "ef9eb97b388543acbf0ac32647121e4dbe629236899586c4d4311a8770fbb239",
    "https://deno.land/std@0.159.0/async/tee.ts": "d27680d911816fcb3d231e16d690e7588079e66a9b2e5ce8cc354db94fdce95f",
    "https://deno.land/std@0.159.0/bytes/bytes_list.ts": "aba5e2369e77d426b10af1de0dcc4531acecec27f9b9056f4f7bfbf8ac147ab4",
    "https://deno.land/std@0.159.0/bytes/equals.ts": "3c3558c3ae85526f84510aa2b48ab2ad7bdd899e2e0f5b7a8ffc85acb3a6043a",
    "https://deno.land/std@0.159.0/bytes/mod.ts": "763f97d33051cc3f28af1a688dfe2830841192a9fea0cbaa55f927b49d49d0bf",
    "https://deno.land/std@0.159.0/encoding/_yaml/dumper/dumper.ts": "5bd334372608a1aec7a2343705930889d4048f57a2c4d398f1d6d75996ecd0d3",
    "https://deno.land/std@0.159.0/encoding/_yaml/dumper/dumper_state.ts": "3c1bc8519c1832f0f136856881b97f0b42f64b7968767dbc36b8b0b6cae963dc",
    "https://deno.land/std@0.159.0/encoding/_yaml/error.ts": "6ca899f6d86c6979bce6d7c3a6a8e2a360b09d8b0f55d2e649bd1233604fb7c9",
    "https://deno.land/std@0.159.0/encoding/_yaml/loader/loader.ts": "db200890459e9490b21d8ce657d9566327e1d1d20ed493393a1f04a51516436c",
    "https://deno.land/std@0.159.0/encoding/_yaml/loader/loader_state.ts": "59124e56d864274ce4043dca8bf63e937c6e960e4ad120465e424b38f3469b2d",
    "https://deno.land/std@0.159.0/encoding/_yaml/mark.ts": "7f67f43755b2602fefe52012eb3ab627880da97edd0f6c00f916ceb2ddb1b5d1",
    "https://deno.land/std@0.159.0/encoding/_yaml/parse.ts": "8f362dc01401099263d73a4bfa00bc90ea456d202507d62a11dfcfeac74484f5",
    "https://deno.land/std@0.159.0/encoding/_yaml/schema.ts": "db295ea6079fce9c38f4ee2ff1233c65db598b35b379551e445b558534b2e1fd",
    "https://deno.land/std@0.159.0/encoding/_yaml/schema/core.ts": "bcb47a389d596369fbfccf73a6b221ac3ca5440149b4f6df1e707f2efc6854ef",
    "https://deno.land/std@0.159.0/encoding/_yaml/schema/default.ts": "8b6bd9cb1cab07a3397e1cc3843edba6ad40d1bd15687c1f56cd977da834d984",
    "https://deno.land/std@0.159.0/encoding/_yaml/schema/extended.ts": "5e0bfd9a28c7a82ba40fc7ff7890df7469ec85390320349974acbc627ae1be88",
    "https://deno.land/std@0.159.0/encoding/_yaml/schema/failsafe.ts": "7254a9ca0dff8f30377098622812e55c4535aaf352fecb4ec51939e596bd74e7",
    "https://deno.land/std@0.159.0/encoding/_yaml/schema/json.ts": "2205d0d3d3377de56f92ac0f4a82bf561ea0d7b86eb195c9f0c32c7c7871d78f",
    "https://deno.land/std@0.159.0/encoding/_yaml/schema/mod.ts": "6769df6082aceee9849f71168f4353ba4f92e4a2a5a429a422debac13a593d4e",
    "https://deno.land/std@0.159.0/encoding/_yaml/state.ts": "374b8dc170417beccb364e543b25eef73576196f4a526836bb3a621b87a204a3",
    "https://deno.land/std@0.159.0/encoding/_yaml/stringify.ts": "ec15035c1928f96f4e42c0a0e9f3082512e294fd6b8ff6a0403a3ee9282f69aa",
    "https://deno.land/std@0.159.0/encoding/_yaml/type.ts": "95ad0cdbab49343b1527ebc7762c477726c34702438375be6781b44e03e9fcfc",
    "https://deno.land/std@0.159.0/encoding/_yaml/type/binary.ts": "8ae1bdeebe090133b1d1e1ef8427d5ea03f8b6f8944bd2eca578c81330700b0a",
    "https://deno.land/std@0.159.0/encoding/_yaml/type/bool.ts": "95c030531adc3d66a59979dc25c2fcdeb1f58ae40a91d6f9e9a537af0fd2b5a4",
    "https://deno.land/std@0.159.0/encoding/_yaml/type/float.ts": "60e26783fd0e4472bd222e028323ff68e0c5ff37a9871298c676335d8574cf87",
    "https://deno.land/std@0.159.0/encoding/_yaml/type/function.ts": "b5642dda5ef8d47c0325a2b89a022cbce3be45ba21f8c4f9202364d967c6b3e5",
    "https://deno.land/std@0.159.0/encoding/_yaml/type/int.ts": "166cdd73d9473373e0e65e9f65d5fd8e96cbd303b58535e2ff2e049bb73dbefb",
    "https://deno.land/std@0.159.0/encoding/_yaml/type/map.ts": "78bf5447d2e3f79d59bf7cb63a76ca7797854a0d8e2154c6fd35775c4e5c8c61",
    "https://deno.land/std@0.159.0/encoding/_yaml/type/merge.ts": "094b272e6087c6aef39cd9617fa6603ec934e507faad6c276d293e2734f9b083",
    "https://deno.land/std@0.159.0/encoding/_yaml/type/mod.ts": "b2f267dc0b0296cf8f6109aa129e2cf6d1e1f8c59f8903f0330c18749eca2d3c",
    "https://deno.land/std@0.159.0/encoding/_yaml/type/nil.ts": "1988843acab56e99e883cd047c40cc7fb799b6d335f541f022ae3b914abcbe35",
    "https://deno.land/std@0.159.0/encoding/_yaml/type/omap.ts": "fd3f2f9a8ae634996da84d021353ac8bf4b41e714f2711159d756d0e2f3aabd1",
    "https://deno.land/std@0.159.0/encoding/_yaml/type/pairs.ts": "90736f87b6e39a144205a235d8851f7bebf6bb3835fd03742c30253d5ecd7ec5",
    "https://deno.land/std@0.159.0/encoding/_yaml/type/regexp.ts": "a9e70491fa7ede8689b933d81142aa7635a253733a4df626bd479c55cb64222e",
    "https://deno.land/std@0.159.0/encoding/_yaml/type/seq.ts": "135f37a1b6dcb3688bc0dad0c9dc3a04370b1fc94267960586ea23877ffd3088",
    "https://deno.land/std@0.159.0/encoding/_yaml/type/set.ts": "2937ac0e1ce8c121a4009e74568e341e2a380fdb5f41f16050ce2ca7537b2bd8",
    "https://deno.land/std@0.159.0/encoding/_yaml/type/str.ts": "6420d3a0099d9fbc35861241b7dad65b800ff3909efe71ab71c895326187ab8d",
    "https://deno.land/std@0.159.0/encoding/_yaml/type/timestamp.ts": "3db0667dd9bdc3b3f0e8596fff023e87bc9fca230a545bb67d0bf3b732c1c656",
    "https://deno.land/std@0.159.0/encoding/_yaml/type/undefined.ts": "5b595082d064cf50a3345f5fdda8c02beb0768e9d97d4bd4c53ac81a9f94e185",
    "https://deno.land/std@0.159.0/encoding/_yaml/utils.ts": "c7e6bf055b08fffe700c7cbdfa2939cab7b9676ff75b6dc98d72d41b3b173d37",
    "https://deno.land/std@0.159.0/encoding/front_matter.ts": "6f48cbf9741cafcbf4ef7b9a21cff3842373bd8fe78d262970b1cf1e178b05f0",
    "https://deno.land/std@0.159.0/encoding/yaml.ts": "4c02197eb797e40dfe0720fbe32a9990c935f02cf75b6091b36c0710c3218cf6",
    "https://deno.land/std@0.159.0/flags/mod.ts": "5ecf064f28471b455be61a71b68172236151f3362c8b4a663d5aedee93179ded",
    "https://deno.land/std@0.159.0/fs/_util.ts": "fdc156f897197f261a1c096dcf8ff9267ed0ff42bd5b31f55053a4763a4bae3b",
    "https://deno.land/std@0.159.0/fs/copy.ts": "73bdf24f4322648d9bc38ef983b818637ba368351d17aa03644209d3ce3eac31",
    "https://deno.land/std@0.159.0/fs/empty_dir.ts": "c15a0aaaf40f8c21cca902aa1e01a789ad0c2fd1b7e2eecf4957053c5dbf707f",
    "https://deno.land/std@0.159.0/fs/ensure_dir.ts": "76395fc1c989ca8d2de3aedfa8240eb8f5225cde20f926de957995b063135b80",
    "https://deno.land/std@0.159.0/fs/ensure_file.ts": "b8e32ea63aa21221d0219760ba3f741f682d7f7d68d0d24a3ec067c338568152",
    "https://deno.land/std@0.159.0/fs/ensure_link.ts": "5cc1c04f18487d7d1edf4c5469705f30b61390ffd24ad7db6df85e7209b32bb2",
    "https://deno.land/std@0.159.0/fs/ensure_symlink.ts": "5273557b8c50be69477aa9cb003b54ff2240a336db52a40851c97abce76b96ab",
    "https://deno.land/std@0.159.0/fs/eol.ts": "b92f0b88036de507e7e6fbedbe8f666835ea9dcbf5ac85917fa1fadc919f83a5",
    "https://deno.land/std@0.159.0/fs/exists.ts": "6a447912e49eb79cc640adacfbf4b0baf8e17ede6d5bed057062ce33c4fa0d68",
    "https://deno.land/std@0.159.0/fs/expand_glob.ts": "333a8b9b0726b6909e5af30fb99c68e5b0e734d37af8cbc2ad1f062f26ca4d50",
    "https://deno.land/std@0.159.0/fs/mod.ts": "354a6f972ef4e00c4dd1f1339a8828ef0764c1c23d3c0010af3fcc025d8655b0",
    "https://deno.land/std@0.159.0/fs/move.ts": "6d7fa9da60dbc7a32dd7fdbc2ff812b745861213c8e92ba96dace0669b0c378c",
    "https://deno.land/std@0.159.0/fs/walk.ts": "d6c73a2a2fb5fde60150ce27cff3fff420e72e5bb84131b4919c9a41d74712ce",
    "https://deno.land/std@0.159.0/http/server.ts": "e99c1bee8a3f6571ee4cdeb2966efad465b8f6fe62bec1bdb59c1f007cc4d155",
    "https://deno.land/std@0.159.0/io/buffer.ts": "fae02290f52301c4e0188670e730cd902f9307fb732d79c4aa14ebdc82497289",
    "https://deno.land/std@0.159.0/io/types.d.ts": "0cae3a62da7a37043661746c65c021058bae020b54e50c0e774916e5d4baee43",
    "https://deno.land/std@0.159.0/path/_constants.ts": "df1db3ffa6dd6d1252cc9617e5d72165cd2483df90e93833e13580687b6083c3",
    "https://deno.land/std@0.159.0/path/_interface.ts": "ee3b431a336b80cf445441109d089b70d87d5e248f4f90ff906820889ecf8d09",
    "https://deno.land/std@0.159.0/path/_util.ts": "d16be2a16e1204b65f9d0dfc54a9bc472cafe5f4a190b3c8471ec2016ccd1677",
    "https://deno.land/std@0.159.0/path/common.ts": "bee563630abd2d97f99d83c96c2fa0cca7cee103e8cb4e7699ec4d5db7bd2633",
    "https://deno.land/std@0.159.0/path/glob.ts": "cb5255638de1048973c3e69e420c77dc04f75755524cb3b2e160fe9277d939ee",
    "https://deno.land/std@0.159.0/path/mod.ts": "56fec03ad0ebd61b6ab39ddb9b0ddb4c4a5c9f2f4f632e09dd37ec9ebfd722ac",
    "https://deno.land/std@0.159.0/path/posix.ts": "c1f7afe274290ea0b51da07ee205653b2964bd74909a82deb07b69a6cc383aaa",
    "https://deno.land/std@0.159.0/path/separator.ts": "fe1816cb765a8068afb3e8f13ad272351c85cbc739af56dacfc7d93d710fe0f9",
    "https://deno.land/std@0.159.0/path/win32.ts": "bd7549042e37879c68ff2f8576a25950abbfca1d696d41d82c7bca0b7e6f452c",
    "https://deno.land/std@0.159.0/streams/buffer.ts": "c9aef91ccb7d23555b1d942d39eeca2546879ddfa19de450e9765d9e7069dce1",
    "https://deno.land/std@0.159.0/streams/conversion.ts": "cc6ead659fd851f2461415e6a1b63844e36d8f467a31d600963d317c452cdeec",
    "https://deno.land/std@0.159.0/streams/delimiter.ts": "8ec4aa03d8c1e9898b7ca500945b318f54157b20dac443948fb76615118e0173",
    "https://deno.land/std@0.159.0/streams/merge.ts": "88ed3dfa030ae076802688e4cadd762a251a41d81ed1776dfd9a2a9a0e970195",
    "https://deno.land/std@0.159.0/streams/mod.ts": "f402791689d74bd091ecf8f4015bc5b7d5c18132a55c7c72fe0576d1fb254cf9",
    "https://deno.land/std@0.162.0/_util/assert.ts": "e94f2eb37cebd7f199952e242c77654e43333c1ac4c5c700e929ea3aa5489f74",
    "https://deno.land/std@0.162.0/_util/os.ts": "8a33345f74990e627b9dfe2de9b040004b08ea5146c7c9e8fe9a29070d193934",
    "https://deno.land/std@0.162.0/async/abortable.ts": "87aa7230be8360c24ad437212311c9e8d4328854baec27b4c7abb26e85515c06",
    "https://deno.land/std@0.162.0/async/deadline.ts": "48ac998d7564969f3e6ec6b6f9bf0217ebd00239b1b2292feba61272d5dd58d0",
    "https://deno.land/std@0.162.0/async/debounce.ts": "dc8b92d4a4fe7eac32c924f2b8d3e62112530db70cadce27042689d82970b350",
    "https://deno.land/std@0.162.0/async/deferred.ts": "d8fb253ffde2a056e4889ef7e90f3928f28be9f9294b6505773d33f136aab4e6",
    "https://deno.land/std@0.162.0/async/delay.ts": "0419dfc993752849692d1f9647edf13407c7facc3509b099381be99ffbc9d699",
    "https://deno.land/std@0.162.0/async/mod.ts": "dd0a8ed4f3984ffabe2fcca7c9f466b7932d57b1864ffee148a5d5388316db6b",
    "https://deno.land/std@0.162.0/async/mux_async_iterator.ts": "3447b28a2a582224a3d4d3596bccbba6e85040da3b97ed64012f7decce98d093",
    "https://deno.land/std@0.162.0/async/pool.ts": "ef9eb97b388543acbf0ac32647121e4dbe629236899586c4d4311a8770fbb239",
    "https://deno.land/std@0.162.0/async/tee.ts": "9af3a3e7612af75861308b52249e167f5ebc3dcfc8a1a4d45462d96606ee2b70",
    "https://deno.land/std@0.162.0/bytes/bytes_list.ts": "aba5e2369e77d426b10af1de0dcc4531acecec27f9b9056f4f7bfbf8ac147ab4",
    "https://deno.land/std@0.162.0/bytes/equals.ts": "3c3558c3ae85526f84510aa2b48ab2ad7bdd899e2e0f5b7a8ffc85acb3a6043a",
    "https://deno.land/std@0.162.0/bytes/mod.ts": "b2e342fd3669176a27a4e15061e9d588b89c1aaf5008ab71766e23669565d179",
    "https://deno.land/std@0.162.0/encoding/_yaml/dumper/dumper.ts": "5bd334372608a1aec7a2343705930889d4048f57a2c4d398f1d6d75996ecd0d3",
    "https://deno.land/std@0.162.0/encoding/_yaml/dumper/dumper_state.ts": "3c1bc8519c1832f0f136856881b97f0b42f64b7968767dbc36b8b0b6cae963dc",
    "https://deno.land/std@0.162.0/encoding/_yaml/error.ts": "6ca899f6d86c6979bce6d7c3a6a8e2a360b09d8b0f55d2e649bd1233604fb7c9",
    "https://deno.land/std@0.162.0/encoding/_yaml/loader/loader.ts": "db200890459e9490b21d8ce657d9566327e1d1d20ed493393a1f04a51516436c",
    "https://deno.land/std@0.162.0/encoding/_yaml/loader/loader_state.ts": "59124e56d864274ce4043dca8bf63e937c6e960e4ad120465e424b38f3469b2d",
    "https://deno.land/std@0.162.0/encoding/_yaml/mark.ts": "7f67f43755b2602fefe52012eb3ab627880da97edd0f6c00f916ceb2ddb1b5d1",
    "https://deno.land/std@0.162.0/encoding/_yaml/parse.ts": "8f362dc01401099263d73a4bfa00bc90ea456d202507d62a11dfcfeac74484f5",
    "https://deno.land/std@0.162.0/encoding/_yaml/schema.ts": "db295ea6079fce9c38f4ee2ff1233c65db598b35b379551e445b558534b2e1fd",
    "https://deno.land/std@0.162.0/encoding/_yaml/schema/core.ts": "bcb47a389d596369fbfccf73a6b221ac3ca5440149b4f6df1e707f2efc6854ef",
    "https://deno.land/std@0.162.0/encoding/_yaml/schema/default.ts": "8b6bd9cb1cab07a3397e1cc3843edba6ad40d1bd15687c1f56cd977da834d984",
    "https://deno.land/std@0.162.0/encoding/_yaml/schema/extended.ts": "5e0bfd9a28c7a82ba40fc7ff7890df7469ec85390320349974acbc627ae1be88",
    "https://deno.land/std@0.162.0/encoding/_yaml/schema/failsafe.ts": "7254a9ca0dff8f30377098622812e55c4535aaf352fecb4ec51939e596bd74e7",
    "https://deno.land/std@0.162.0/encoding/_yaml/schema/json.ts": "2205d0d3d3377de56f92ac0f4a82bf561ea0d7b86eb195c9f0c32c7c7871d78f",
    "https://deno.land/std@0.162.0/encoding/_yaml/schema/mod.ts": "6769df6082aceee9849f71168f4353ba4f92e4a2a5a429a422debac13a593d4e",
    "https://deno.land/std@0.162.0/encoding/_yaml/state.ts": "374b8dc170417beccb364e543b25eef73576196f4a526836bb3a621b87a204a3",
    "https://deno.land/std@0.162.0/encoding/_yaml/stringify.ts": "ec15035c1928f96f4e42c0a0e9f3082512e294fd6b8ff6a0403a3ee9282f69aa",
    "https://deno.land/std@0.162.0/encoding/_yaml/type.ts": "95ad0cdbab49343b1527ebc7762c477726c34702438375be6781b44e03e9fcfc",
    "https://deno.land/std@0.162.0/encoding/_yaml/type/binary.ts": "8ae1bdeebe090133b1d1e1ef8427d5ea03f8b6f8944bd2eca578c81330700b0a",
    "https://deno.land/std@0.162.0/encoding/_yaml/type/bool.ts": "95c030531adc3d66a59979dc25c2fcdeb1f58ae40a91d6f9e9a537af0fd2b5a4",
    "https://deno.land/std@0.162.0/encoding/_yaml/type/float.ts": "60e26783fd0e4472bd222e028323ff68e0c5ff37a9871298c676335d8574cf87",
    "https://deno.land/std@0.162.0/encoding/_yaml/type/function.ts": "b5642dda5ef8d47c0325a2b89a022cbce3be45ba21f8c4f9202364d967c6b3e5",
    "https://deno.land/std@0.162.0/encoding/_yaml/type/int.ts": "166cdd73d9473373e0e65e9f65d5fd8e96cbd303b58535e2ff2e049bb73dbefb",
    "https://deno.land/std@0.162.0/encoding/_yaml/type/map.ts": "78bf5447d2e3f79d59bf7cb63a76ca7797854a0d8e2154c6fd35775c4e5c8c61",
    "https://deno.land/std@0.162.0/encoding/_yaml/type/merge.ts": "094b272e6087c6aef39cd9617fa6603ec934e507faad6c276d293e2734f9b083",
    "https://deno.land/std@0.162.0/encoding/_yaml/type/mod.ts": "b2f267dc0b0296cf8f6109aa129e2cf6d1e1f8c59f8903f0330c18749eca2d3c",
    "https://deno.land/std@0.162.0/encoding/_yaml/type/nil.ts": "1988843acab56e99e883cd047c40cc7fb799b6d335f541f022ae3b914abcbe35",
    "https://deno.land/std@0.162.0/encoding/_yaml/type/omap.ts": "fd3f2f9a8ae634996da84d021353ac8bf4b41e714f2711159d756d0e2f3aabd1",
    "https://deno.land/std@0.162.0/encoding/_yaml/type/pairs.ts": "90736f87b6e39a144205a235d8851f7bebf6bb3835fd03742c30253d5ecd7ec5",
    "https://deno.land/std@0.162.0/encoding/_yaml/type/regexp.ts": "a9e70491fa7ede8689b933d81142aa7635a253733a4df626bd479c55cb64222e",
    "https://deno.land/std@0.162.0/encoding/_yaml/type/seq.ts": "135f37a1b6dcb3688bc0dad0c9dc3a04370b1fc94267960586ea23877ffd3088",
    "https://deno.land/std@0.162.0/encoding/_yaml/type/set.ts": "2937ac0e1ce8c121a4009e74568e341e2a380fdb5f41f16050ce2ca7537b2bd8",
    "https://deno.land/std@0.162.0/encoding/_yaml/type/str.ts": "6420d3a0099d9fbc35861241b7dad65b800ff3909efe71ab71c895326187ab8d",
    "https://deno.land/std@0.162.0/encoding/_yaml/type/timestamp.ts": "3db0667dd9bdc3b3f0e8596fff023e87bc9fca230a545bb67d0bf3b732c1c656",
    "https://deno.land/std@0.162.0/encoding/_yaml/type/undefined.ts": "5b595082d064cf50a3345f5fdda8c02beb0768e9d97d4bd4c53ac81a9f94e185",
    "https://deno.land/std@0.162.0/encoding/_yaml/utils.ts": "c7e6bf055b08fffe700c7cbdfa2939cab7b9676ff75b6dc98d72d41b3b173d37",
    "https://deno.land/std@0.162.0/encoding/front_matter.ts": "4a7f83e25abe93924bcab1c68d045b2ade6000a31444382afe301ae327a6a97e",
    "https://deno.land/std@0.162.0/encoding/front_matter/mod.ts": "daabbaa4661890a4398f17f425b882c85b23cc8a97aa36345dbf828a9e654adc",
    "https://deno.land/std@0.162.0/encoding/front_matter/yaml.ts": "f25495af2ff59b58b2ca9fce5d1637f26f185e2921c3eb0c97db35ee674e689c",
    "https://deno.land/std@0.162.0/encoding/yaml.ts": "4c02197eb797e40dfe0720fbe32a9990c935f02cf75b6091b36c0710c3218cf6",
    "https://deno.land/std@0.162.0/flags/mod.ts": "e35fbfc7e90db230f7a4a99bc2888c60d9ccbff415cb930350366a38b0de79c7",
    "https://deno.land/std@0.162.0/fs/_util.ts": "fdc156f897197f261a1c096dcf8ff9267ed0ff42bd5b31f55053a4763a4bae3b",
    "https://deno.land/std@0.162.0/fs/copy.ts": "73bdf24f4322648d9bc38ef983b818637ba368351d17aa03644209d3ce3eac31",
    "https://deno.land/std@0.162.0/fs/empty_dir.ts": "c15a0aaaf40f8c21cca902aa1e01a789ad0c2fd1b7e2eecf4957053c5dbf707f",
    "https://deno.land/std@0.162.0/fs/ensure_dir.ts": "76395fc1c989ca8d2de3aedfa8240eb8f5225cde20f926de957995b063135b80",
    "https://deno.land/std@0.162.0/fs/ensure_file.ts": "b8e32ea63aa21221d0219760ba3f741f682d7f7d68d0d24a3ec067c338568152",
    "https://deno.land/std@0.162.0/fs/ensure_link.ts": "5cc1c04f18487d7d1edf4c5469705f30b61390ffd24ad7db6df85e7209b32bb2",
    "https://deno.land/std@0.162.0/fs/ensure_symlink.ts": "5273557b8c50be69477aa9cb003b54ff2240a336db52a40851c97abce76b96ab",
    "https://deno.land/std@0.162.0/fs/eol.ts": "65b1e27320c3eec6fb653b27e20056ee3d015d3e91db388cfefa41616ebc7cb3",
    "https://deno.land/std@0.162.0/fs/exists.ts": "6a447912e49eb79cc640adacfbf4b0baf8e17ede6d5bed057062ce33c4fa0d68",
    "https://deno.land/std@0.162.0/fs/expand_glob.ts": "d3f62aefc7718d878904d60d91e8e6dbbf86c696d32b6cbbc333637acf7f8571",
    "https://deno.land/std@0.162.0/fs/mod.ts": "354a6f972ef4e00c4dd1f1339a8828ef0764c1c23d3c0010af3fcc025d8655b0",
    "https://deno.land/std@0.162.0/fs/move.ts": "6d7fa9da60dbc7a32dd7fdbc2ff812b745861213c8e92ba96dace0669b0c378c",
    "https://deno.land/std@0.162.0/fs/walk.ts": "d96d4e5b6a3552e8304f28a0fd0b317b812298298449044f8de4932c869388a5",
    "https://deno.land/std@0.162.0/http/server.ts": "e99c1bee8a3f6571ee4cdeb2966efad465b8f6fe62bec1bdb59c1f007cc4d155",
    "https://deno.land/std@0.162.0/io/buffer.ts": "fae02290f52301c4e0188670e730cd902f9307fb732d79c4aa14ebdc82497289",
    "https://deno.land/std@0.162.0/io/types.d.ts": "107e1e64834c5ba917c783f446b407d33432c5d612c4b3430df64fc2b4ecf091",
    "https://deno.land/std@0.162.0/path/_constants.ts": "df1db3ffa6dd6d1252cc9617e5d72165cd2483df90e93833e13580687b6083c3",
    "https://deno.land/std@0.162.0/path/_interface.ts": "ee3b431a336b80cf445441109d089b70d87d5e248f4f90ff906820889ecf8d09",
    "https://deno.land/std@0.162.0/path/_util.ts": "d16be2a16e1204b65f9d0dfc54a9bc472cafe5f4a190b3c8471ec2016ccd1677",
    "https://deno.land/std@0.162.0/path/common.ts": "bee563630abd2d97f99d83c96c2fa0cca7cee103e8cb4e7699ec4d5db7bd2633",
    "https://deno.land/std@0.162.0/path/glob.ts": "cb5255638de1048973c3e69e420c77dc04f75755524cb3b2e160fe9277d939ee",
    "https://deno.land/std@0.162.0/path/mod.ts": "56fec03ad0ebd61b6ab39ddb9b0ddb4c4a5c9f2f4f632e09dd37ec9ebfd722ac",
    "https://deno.land/std@0.162.0/path/posix.ts": "6b63de7097e68c8663c84ccedc0fd977656eb134432d818ecd3a4e122638ac24",
    "https://deno.land/std@0.162.0/path/separator.ts": "fe1816cb765a8068afb3e8f13ad272351c85cbc739af56dacfc7d93d710fe0f9",
    "https://deno.land/std@0.162.0/path/win32.ts": "ee8826dce087d31c5c81cd414714e677eb68febc40308de87a2ce4b40e10fb8d",
    "https://deno.land/std@0.162.0/streams/buffer.ts": "357d725e1c13ee48af5e5da50ef8811ac8b12926d477ec0e3b40fed6d8d83dd2",
    "https://deno.land/std@0.162.0/streams/conversion.ts": "555c6c249f3acf85655f2d0af52d1cb3168e40b1c1fa26beefea501b333abe28",
    "https://deno.land/std@0.162.0/streams/delimiter.ts": "e18febbded53df275a897fac9249a6d0a6a5efc943256ad0f6cb23bf4d757668",
    "https://deno.land/std@0.162.0/streams/merge.ts": "88ed3dfa030ae076802688e4cadd762a251a41d81ed1776dfd9a2a9a0e970195",
    "https://deno.land/std@0.162.0/streams/mod.ts": "f402791689d74bd091ecf8f4015bc5b7d5c18132a55c7c72fe0576d1fb254cf9",
    "https://deno.land/x/deepmergets@v4.2.2/dist/deno/deepmerge.ts": "7b15036b14c0aa2cb00e8eac7acb3454f08dd8433edb0e87210018d34a5f40f2",
    "https://deno.land/x/deepmergets@v4.2.2/dist/deno/index.ts": "1d8a75ba9d2c204d67de0a724b1b83de64a65df40b0c606f5aec7109463466bd",
    "https://deno.land/x/deepmergets@v4.2.2/dist/deno/types/defaults.ts": "bd7e615fa4b72fd14f12438deae419b238b76ec179752c345669ea7ca4ff0d1c",
    "https://deno.land/x/deepmergets@v4.2.2/dist/deno/types/index.ts": "276d75bf9fb8d338bd84ed0357ea12a52a6b4da06c0a499c0e8ccbd4b57cf093",
    "https://deno.land/x/deepmergets@v4.2.2/dist/deno/types/merging.ts": "d8ce62b034324dd76491acf1a7bd39762ed16bb31b10a0990bbdb7a9177b526f",
    "https://deno.land/x/deepmergets@v4.2.2/dist/deno/types/options.ts": "07e4eda5147dc72e7343fb75e891b9ea4d430b8f2fcb556ef086d63dc8914e30",
    "https://deno.land/x/deepmergets@v4.2.2/dist/deno/types/utils.ts": "4c540899d9cc8442d641ce63b4805772094a47724a4632c3a7af80d9027f8554",
    "https://deno.land/x/deepmergets@v4.2.2/dist/deno/utils.ts": "d46e181e249e28fb10885d499ab6f12a07c386d498c2e08376b1651a07a3a7a3",
    "https://esm.sh/marked@4.1.1/": "27a6f12df4912498a62aef40d57f826c0f0abf11fce584b0274714e810609d64",
    "https://esm.sh/marked@4.2.2/": "dabfc499b90e17f6126ca64d732211770a865c0d96eecf994e7f33086339d28e",
    "https://esm.sh/preact-render-to-string@5.2.6": "7b0214b1bbc385caf84d8618aa82ee1b98c7f95438e71c05c7e8d1726f770410",
    "https://esm.sh/preact@10.11.2": "a7484db8d718104c029053f08954ed862f15b2a1440867a4eb63a3a78e7749c7",
    "https://esm.sh/preact@10.11.2^": "a7484db8d718104c029053f08954ed862f15b2a1440867a4eb63a3a78e7749c7",
    "https://esm.sh/preact@10.11.2^/": "a7484db8d718104c029053f08954ed862f15b2a1440867a4eb63a3a78e7749c7",
    "https://esm.sh/slugify@1.6.5": "81fa30229d36549f821fd26f4571f1216c9c458474ab07a521b14595f6974706",
    "https://esm.sh/slugify@1.6.5/": "81fa30229d36549f821fd26f4571f1216c9c458474ab07a521b14595f6974706",
    "https://esm.sh/stable/preact@10.11.2/deno/preact.js": "10e7be6ea2698598105f404198789d8a34fd6a1ca020482f94eaaaca736badf5",
    "https://esm.sh/twind@0.16.17^": "0e9a7188118ae845d1198d0b141946fa869f7c9cd7ba19ebec58f0a3839eb009",
    "https://esm.sh/twind@0.16.17^/": "0e9a7188118ae845d1198d0b141946fa869f7c9cd7ba19ebec58f0a3839eb009",
    "https://esm.sh/twind@0.16.17^/colors": "9a18aac40892c0dfaacacf6fe510ba31cfba5e8528d3adb0dc8c69d51eb7a2c3",
    "https://esm.sh/twind@0.16.17^/css": "2e97caad40d568c51f9ae9745ca81838cbe722765a0367c1839319b3e64f146d",
    "https://esm.sh/twind@0.16.17^/sheets": "343c2db26c435f148b7aed28b2c29d7bad189a279e4dab6e545ca51021565983",
    "https://esm.sh/ufo@0.8.5/": "e27e5b8b5e2d747c85c2d4abfec48d9b089037c2305bb5b74989d158c76c2e31",
    "https://esm.sh/ufo@0.8.6/": "063cb406fc78b9bab2104d28576ad6247bf83cf33ee5632da21acdcf5bdbb56d",
    "https://esm.sh/v96/@types/marked@4.0.7/index.d.ts": "c51eb515e127bb15087a6ad404c9c38121f1ccac85ea247baa554c43942ee07c",
    "https://esm.sh/v96/csstype@3.1.1/index.d.ts": "1c29793071152b207c01ea1954e343be9a44d85234447b2b236acae9e709a383",
    "https://esm.sh/v96/marked@4.1.1/deno/marked.js": "50af7c4ac230891d6387c2b1ae90a08b94d98d3f4d4b363dc8a0f9ce11226472",
    "https://esm.sh/v96/marked@4.2.2/deno/marked.js": "770cd4aefb1082c806bcd879050caabcbe6c48eac332384fdf347c990a0e254e",
    "https://esm.sh/v96/preact-render-to-string@5.2.6/deno/preact-render-to-string.js": "0554ba3b539a1fd09d6f751b2b0ad54fddf4fbf6c76386a02c6407c01ab1653d",
    "https://esm.sh/v96/preact-render-to-string@5.2.6/src/index.d.ts": "a2c0d400b8900e30e1cba4970f2ccb36d65447ae1f73eb792b371b2db85ba4ff",
    "https://esm.sh/v96/preact@10.11.2/src/index.d.ts": "76842a9d103548261ee001f2aee5fa5cacc8b1b4b4032af537ed84603c8f4a31",
    "https://esm.sh/v96/preact@10.11.2/src/jsx.d.ts": "77ce5bd7324455c9f6dc85bfc3c94b733acb92cc98fdf82e4b1059c8bca7866d",
    "https://esm.sh/v96/slugify@1.6.5/deno/slugify.js": "9529034c9b05cee351ae35b17adc2751c8e4f8dea2f678b89bf474a0e8957921",
    "https://esm.sh/v96/slugify@1.6.5/slugify.d.ts": "2d526d2a2d6dfd1980fb6eaf7aa668c24d339e27b41cac2a72efc75abe301b35",
    "https://esm.sh/v96/style-vendorizer@2.2.3/deno/style-vendorizer.js": "bacdb96f034bbdae11a8d90427a6d49270d28d5939f02dbf0e7d0e52491ff9e3",
    "https://esm.sh/v96/twind@0.16.17/colors/colors.d.ts": "5d718e9e958b108054073182c3a6b3a8c8352b4c9b2c520a15bdb56bac56868f",
    "https://esm.sh/v96/twind@0.16.17/css/css.d.ts": "ffa2bc1b5f8a7d974073452a6b8bd1fba7370377ac1637f6d1321bd6e8876b7e",
    "https://esm.sh/v96/twind@0.16.17/deno/colors.js": "e3e6b2135ee371978b66011b130019c2a70be71c7743a5ef2dc657f7bbc16edd",
    "https://esm.sh/v96/twind@0.16.17/deno/css.js": "df7e14a4b339fca6908725e8af548a32e5fd364bda400908f976ac0cf9a6ed28",
    "https://esm.sh/v96/twind@0.16.17/deno/sheets.js": "f75586c3a778278f99ca9e6761e8c8a2089c66d6a503bb25e3bba38597fe1e30",
    "https://esm.sh/v96/twind@0.16.17/deno/twind.js": "6429fa2b7dd876c3ca55180dc7b12e9364ac46afdbecf21ae2a9e17c4a98c94f",
    "https://esm.sh/v96/twind@0.16.17/sheets/sheets.d.ts": "0142f8ccfda2f47363add69dfa8f500d1ff23a660cf8a4eb6d42de2f2e986c68",
    "https://esm.sh/v96/twind@0.16.17/twind.d.ts": "6aaf0396186c5b0b23ec9e9f1ed6e1441813fb215e9b2c06a175573f3436cc7f",
    "https://esm.sh/v96/ufo@0.8.5/deno/ufo.js": "3915a4a60288a00a73180e9a2086043152cb525c48daa1a5d7c68b3e5776f3ff",
    "https://esm.sh/v96/ufo@0.8.5/dist/index.d.ts": "c4591e29773354617e1955af9e055a0070e73e70ec25a0bcedfeeca06692e6f3",
    "https://esm.sh/v96/ufo@0.8.6/deno/ufo.js": "c220badd66c162b92260e3e370a89eb1f9dba1df3f879bb65f5fffbd8cd34169",
    "https://esm.sh/v96/ufo@0.8.6/dist/index.d.ts": "c4591e29773354617e1955af9e055a0070e73e70ec25a0bcedfeeca06692e6f3"
  }
}
